PODS:
  - Cocoa (0.0.1)
  - IQKeyboardManager (5.0.4)

DEPENDENCIES:
  - Cocoa (from `~/Desktop/Cocoa`)
  - IQKeyboardManager

EXTERNAL SOURCES:
  Cocoa:
    :path: ~/Desktop/Cocoa

SPEC CHECKSUMS:
  Cocoa: a986e2264a06cd526ac180a1d34f9afb1b7c95f0
  IQKeyboardManager: 1df9c0f147af1681cfb2d9977bc30309d45a7e76

PODFILE CHECKSUM: 5a9d782084066b866c74bc22346beaa95b0c37c0

COCOAPODS: 1.4.0.beta.1
