PODS:
  - Cocoa (0.0.1)
  - IQKeyboardManager (5.0.4)

DEPENDENCIES:
  - Cocoa (from `~/Desktop/Cocoa`)
  - IQKeyboardManager

EXTERNAL SOURCES:
  Cocoa:
    :path: ~/Desktop/Cocoa

SPEC CHECKSUMS:
  Cocoa: 56554c0575773a85c9f385bbccfe606db4ec61c7
  IQKeyboardManager: 1df9c0f147af1681cfb2d9977bc30309d45a7e76

PODFILE CHECKSUM: 1489150281f19586be6361ca9fcd847a0297c901

COCOAPODS: 1.4.0.beta.1
